<?xml version="1.0" encoding="utf-8"?>
<Project ToolsVersion="4.0" xmlns="http://schemas.microsoft.com/developer/msbuild/2003">
  <ItemGroup>
    <ClInclude Include="include\tgraphics\tgraphics.h" />
  </ItemGroup>
  <ItemGroup>
    <ClCompile Include="source\generator.cpp" />
    <ClCompile Include="source\test.cpp" />
    <ClCompile Include="source\tl.cpp" />
  </ItemGroup>
  <ItemGroup>
    <Natvis Include="dep\tl\tl.natvis" />
  </ItemGroup>
</Project>